// !$*UTF8*$!
{
	archiveVersion = 1;
	classes = {
	};
	objectVersion = 46;
	objects = {

/* Begin PBXBuildFile section */
		CC2DF5421DB22D0F005FDB59 /* AppDelegate.swift in Sources */ = {isa = PBXBuildFile; fileRef = CC2DF5411DB22D0F005FDB59 /* AppDelegate.swift */; };
		CC2DF5441DB22D0F005FDB59 /* ViewController.swift in Sources */ = {isa = PBXBuildFile; fileRef = CC2DF5431DB22D0F005FDB59 /* ViewController.swift */; };
		CC2DF5471DB22D0F005FDB59 /* Main.storyboard in Resources */ = {isa = PBXBuildFile; fileRef = CC2DF5451DB22D0F005FDB59 /* Main.storyboard */; };
		CC2DF54A1DB22D0F005FDB59 /* TabataTimer.xcdatamodeld in Sources */ = {isa = PBXBuildFile; fileRef = CC2DF5481DB22D0F005FDB59 /* TabataTimer.xcdatamodeld */; };
		CC2DF54C1DB22D0F005FDB59 /* Assets.xcassets in Resources */ = {isa = PBXBuildFile; fileRef = CC2DF54B1DB22D0F005FDB59 /* Assets.xcassets */; };
		CC2DF54F1DB22D0F005FDB59 /* LaunchScreen.storyboard in Resources */ = {isa = PBXBuildFile; fileRef = CC2DF54D1DB22D0F005FDB59 /* LaunchScreen.storyboard */; };
		CC2DF55A1DB22D0F005FDB59 /* TabataTimerTests.swift in Sources */ = {isa = PBXBuildFile; fileRef = CC2DF5591DB22D0F005FDB59 /* TabataTimerTests.swift */; };
		CC2DF5651DB22D10005FDB59 /* TabataTimerUITests.swift in Sources */ = {isa = PBXBuildFile; fileRef = CC2DF5641DB22D10005FDB59 /* TabataTimerUITests.swift */; };
/* End PBXBuildFile section */

/* Begin PBXContainerItemProxy section */
		CC2DF5561DB22D0F005FDB59 /* PBXContainerItemProxy */ = {
			isa = PBXContainerItemProxy;
			containerPortal = CC2DF5361DB22D0F005FDB59 /* Project object */;
			proxyType = 1;
			remoteGlobalIDString = CC2DF53D1DB22D0F005FDB59;
			remoteInfo = TabataTimer;
		};
		CC2DF5611DB22D10005FDB59 /* PBXContainerItemProxy */ = {
			isa = PBXContainerItemProxy;
			containerPortal = CC2DF5361DB22D0F005FDB59 /* Project object */;
			proxyType = 1;
			remoteGlobalIDString = CC2DF53D1DB22D0F005FDB59;
			remoteInfo = TabataTimer;
		};
/* End PBXContainerItemProxy section */

/* Begin PBXFileReference section */
		CC2DF53E1DB22D0F005FDB59 /* TabataTimer.app */ = {isa = PBXFileReference; explicitFileType = wrapper.application; includeInIndex = 0; path = TabataTimer.app; sourceTree = BUILT_PRODUCTS_DIR; };
		CC2DF5411DB22D0F005FDB59 /* AppDelegate.swift */ = {isa = PBXFileReference; lastKnownFileType = sourcecode.swift; path = AppDelegate.swift; sourceTree = "<group>"; };
		CC2DF5431DB22D0F005FDB59 /* ViewController.swift */ = {isa = PBXFileReference; lastKnownFileType = sourcecode.swift; path = ViewController.swift; sourceTree = "<group>"; };
		CC2DF5461DB22D0F005FDB59 /* Base */ = {isa = PBXFileReference; lastKnownFileType = file.storyboard; name = Base; path = Base.lproj/Main.storyboard; sourceTree = "<group>"; };
		CC2DF5491DB22D0F005FDB59 /* TabataTimer.xcdatamodel */ = {isa = PBXFileReference; lastKnownFileType = wrapper.xcdatamodel; path = TabataTimer.xcdatamodel; sourceTree = "<group>"; };
		CC2DF54B1DB22D0F005FDB59 /* Assets.xcassets */ = {isa = PBXFileReference; lastKnownFileType = folder.assetcatalog; path = Assets.xcassets; sourceTree = "<group>"; };
		CC2DF54E1DB22D0F005FDB59 /* Base */ = {isa = PBXFileReference; lastKnownFileType = file.storyboard; name = Base; path = Base.lproj/LaunchScreen.storyboard; sourceTree = "<group>"; };
		CC2DF5501DB22D0F005FDB59 /* Info.plist */ = {isa = PBXFileReference; lastKnownFileType = text.plist.xml; path = Info.plist; sourceTree = "<group>"; };
		CC2DF5551DB22D0F005FDB59 /* TabataTimerTests.xctest */ = {isa = PBXFileReference; explicitFileType = wrapper.cfbundle; includeInIndex = 0; path = TabataTimerTests.xctest; sourceTree = BUILT_PRODUCTS_DIR; };
		CC2DF5591DB22D0F005FDB59 /* TabataTimerTests.swift */ = {isa = PBXFileReference; lastKnownFileType = sourcecode.swift; path = TabataTimerTests.swift; sourceTree = "<group>"; };
		CC2DF55B1DB22D0F005FDB59 /* Info.plist */ = {isa = PBXFileReference; lastKnownFileType = text.plist.xml; path = Info.plist; sourceTree = "<group>"; };
		CC2DF5601DB22D10005FDB59 /* TabataTimerUITests.xctest */ = {isa = PBXFileReference; explicitFileType = wrapper.cfbundle; includeInIndex = 0; path = TabataTimerUITests.xctest; sourceTree = BUILT_PRODUCTS_DIR; };
		CC2DF5641DB22D10005FDB59 /* TabataTimerUITests.swift */ = {isa = PBXFileReference; lastKnownFileType = sourcecode.swift; path = TabataTimerUITests.swift; sourceTree = "<group>"; };
		CC2DF5661DB22D10005FDB59 /* Info.plist */ = {isa = PBXFileReference; lastKnownFileType = text.plist.xml; path = Info.plist; sourceTree = "<group>"; };
/* End PBXFileReference section */

/* Begin PBXFrameworksBuildPhase section */
		CC2DF53B1DB22D0F005FDB59 /* Frameworks */ = {
			isa = PBXFrameworksBuildPhase;
			buildActionMask = 2147483647;
			files = (
			);
			runOnlyForDeploymentPostprocessing = 0;
		};
		CC2DF5521DB22D0F005FDB59 /* Frameworks */ = {
			isa = PBXFrameworksBuildPhase;
			buildActionMask = 2147483647;
			files = (
			);
			runOnlyForDeploymentPostprocessing = 0;
		};
		CC2DF55D1DB22D10005FDB59 /* Frameworks */ = {
			isa = PBXFrameworksBuildPhase;
			buildActionMask = 2147483647;
			files = (
			);
			runOnlyForDeploymentPostprocessing = 0;
		};
/* End PBXFrameworksBuildPhase section */

/* Begin PBXGroup section */
		CC2DF5351DB22D0F005FDB59 = {
			isa = PBXGroup;
			children = (
				CC2DF5401DB22D0F005FDB59 /* TabataTimer */,
				CC2DF5581DB22D0F005FDB59 /* TabataTimerTests */,
				CC2DF5631DB22D10005FDB59 /* TabataTimerUITests */,
				CC2DF53F1DB22D0F005FDB59 /* Products */,
			);
			sourceTree = "<group>";
		};
		CC2DF53F1DB22D0F005FDB59 /* Products */ = {
			isa = PBXGroup;
			children = (
				CC2DF53E1DB22D0F005FDB59 /* TabataTimer.app */,
				CC2DF5551DB22D0F005FDB59 /* TabataTimerTests.xctest */,
				CC2DF5601DB22D10005FDB59 /* TabataTimerUITests.xctest */,
			);
			name = Products;
			sourceTree = "<group>";
		};
		CC2DF5401DB22D0F005FDB59 /* TabataTimer */ = {
			isa = PBXGroup;
			children = (
				CC2DF5411DB22D0F005FDB59 /* AppDelegate.swift */,
				CC2DF5431DB22D0F005FDB59 /* ViewController.swift */,
				CC2DF5451DB22D0F005FDB59 /* Main.storyboard */,
				CC2DF54B1DB22D0F005FDB59 /* Assets.xcassets */,
				CC2DF54D1DB22D0F005FDB59 /* LaunchScreen.storyboard */,
				CC2DF5501DB22D0F005FDB59 /* Info.plist */,
				CC2DF5481DB22D0F005FDB59 /* TabataTimer.xcdatamodeld */,
			);
			path = TabataTimer;
			sourceTree = "<group>";
		};
		CC2DF5581DB22D0F005FDB59 /* TabataTimerTests */ = {
			isa = PBXGroup;
			children = (
				CC2DF5591DB22D0F005FDB59 /* TabataTimerTests.swift */,
				CC2DF55B1DB22D0F005FDB59 /* Info.plist */,
			);
			path = TabataTimerTests;
			sourceTree = "<group>";
		};
		CC2DF5631DB22D10005FDB59 /* TabataTimerUITests */ = {
			isa = PBXGroup;
			children = (
				CC2DF5641DB22D10005FDB59 /* TabataTimerUITests.swift */,
				CC2DF5661DB22D10005FDB59 /* Info.plist */,
			);
			path = TabataTimerUITests;
			sourceTree = "<group>";
		};
/* End PBXGroup section */

/* Begin PBXNativeTarget section */
		CC2DF53D1DB22D0F005FDB59 /* TabataTimer */ = {
			isa = PBXNativeTarget;
			buildConfigurationList = CC2DF5691DB22D10005FDB59 /* Build configuration list for PBXNativeTarget "TabataTimer" */;
			buildPhases = (
				CC2DF53A1DB22D0F005FDB59 /* Sources */,
				CC2DF53B1DB22D0F005FDB59 /* Frameworks */,
				CC2DF53C1DB22D0F005FDB59 /* Resources */,
			);
			buildRules = (
			);
			dependencies = (
			);
			name = TabataTimer;
			productName = TabataTimer;
			productReference = CC2DF53E1DB22D0F005FDB59 /* TabataTimer.app */;
			productType = "com.apple.product-type.application";
		};
		CC2DF5541DB22D0F005FDB59 /* TabataTimerTests */ = {
			isa = PBXNativeTarget;
			buildConfigurationList = CC2DF56C1DB22D10005FDB59 /* Build configuration list for PBXNativeTarget "TabataTimerTests" */;
			buildPhases = (
				CC2DF5511DB22D0F005FDB59 /* Sources */,
				CC2DF5521DB22D0F005FDB59 /* Frameworks */,
				CC2DF5531DB22D0F005FDB59 /* Resources */,
			);
			buildRules = (
			);
			dependencies = (
				CC2DF5571DB22D0F005FDB59 /* PBXTargetDependency */,
			);
			name = TabataTimerTests;
			productName = TabataTimerTests;
			productReference = CC2DF5551DB22D0F005FDB59 /* TabataTimerTests.xctest */;
			productType = "com.apple.product-type.bundle.unit-test";
		};
		CC2DF55F1DB22D10005FDB59 /* TabataTimerUITests */ = {
			isa = PBXNativeTarget;
			buildConfigurationList = CC2DF56F1DB22D10005FDB59 /* Build configuration list for PBXNativeTarget "TabataTimerUITests" */;
			buildPhases = (
				CC2DF55C1DB22D10005FDB59 /* Sources */,
				CC2DF55D1DB22D10005FDB59 /* Frameworks */,
				CC2DF55E1DB22D10005FDB59 /* Resources */,
			);
			buildRules = (
			);
			dependencies = (
				CC2DF5621DB22D10005FDB59 /* PBXTargetDependency */,
			);
			name = TabataTimerUITests;
			productName = TabataTimerUITests;
			productReference = CC2DF5601DB22D10005FDB59 /* TabataTimerUITests.xctest */;
			productType = "com.apple.product-type.bundle.ui-testing";
		};
/* End PBXNativeTarget section */

/* Begin PBXProject section */
		CC2DF5361DB22D0F005FDB59 /* Project object */ = {
			isa = PBXProject;
			attributes = {
				LastSwiftUpdateCheck = 0800;
				LastUpgradeCheck = 0800;
				ORGANIZATIONNAME = "鳥居隆弘";
				TargetAttributes = {
					CC2DF53D1DB22D0F005FDB59 = {
						CreatedOnToolsVersion = 8.0;
						DevelopmentTeam = DJMA973CXQ;
						ProvisioningStyle = Automatic;
					};
					CC2DF5541DB22D0F005FDB59 = {
						CreatedOnToolsVersion = 8.0;
						DevelopmentTeam = DJMA973CXQ;
						ProvisioningStyle = Automatic;
						TestTargetID = CC2DF53D1DB22D0F005FDB59;
					};
					CC2DF55F1DB22D10005FDB59 = {
						CreatedOnToolsVersion = 8.0;
						DevelopmentTeam = DJMA973CXQ;
						ProvisioningStyle = Automatic;
						TestTargetID = CC2DF53D1DB22D0F005FDB59;
					};
				};
			};
			buildConfigurationList = CC2DF5391DB22D0F005FDB59 /* Build configuration list for PBXProject "TabataTimer" */;
			compatibilityVersion = "Xcode 3.2";
			developmentRegion = English;
			hasScannedForEncodings = 0;
			knownRegions = (
				en,
				Base,
			);
			mainGroup = CC2DF5351DB22D0F005FDB59;
			productRefGroup = CC2DF53F1DB22D0F005FDB59 /* Products */;
			projectDirPath = "";
			projectRoot = "";
			targets = (
				CC2DF53D1DB22D0F005FDB59 /* TabataTimer */,
				CC2DF5541DB22D0F005FDB59 /* TabataTimerTests */,
				CC2DF55F1DB22D10005FDB59 /* TabataTimerUITests */,
			);
		};
/* End PBXProject section */

/* Begin PBXResourcesBuildPhase section */
		CC2DF53C1DB22D0F005FDB59 /* Resources */ = {
			isa = PBXResourcesBuildPhase;
			buildActionMask = 2147483647;
			files = (
				CC2DF54F1DB22D0F005FDB59 /* LaunchScreen.storyboard in Resources */,
				CC2DF54C1DB22D0F005FDB59 /* Assets.xcassets in Resources */,
				CC2DF5471DB22D0F005FDB59 /* Main.storyboard in Resources */,
			);
			runOnlyForDeploymentPostprocessing = 0;
		};
		CC2DF5531DB22D0F005FDB59 /* Resources */ = {
			isa = PBXResourcesBuildPhase;
			buildActionMask = 2147483647;
			files = (
			);
			runOnlyForDeploymentPostprocessing = 0;
		};
		CC2DF55E1DB22D10005FDB59 /* Resources */ = {
			isa = PBXResourcesBuildPhase;
			buildActionMask = 2147483647;
			files = (
			);
			runOnlyForDeploymentPostprocessing = 0;
		};
/* End PBXResourcesBuildPhase section */

/* Begin PBXSourcesBuildPhase section */
		CC2DF53A1DB22D0F005FDB59 /* Sources */ = {
			isa = PBXSourcesBuildPhase;
			buildActionMask = 2147483647;
			files = (
				CC2DF5441DB22D0F005FDB59 /* ViewController.swift in Sources */,
				CC2DF54A1DB22D0F005FDB59 /* TabataTimer.xcdatamodeld in Sources */,
				CC2DF5421DB22D0F005FDB59 /* AppDelegate.swift in Sources */,
			);
			runOnlyForDeploymentPostprocessing = 0;
		};
		CC2DF5511DB22D0F005FDB59 /* Sources */ = {
			isa = PBXSourcesBuildPhase;
			buildActionMask = 2147483647;
			files = (
				CC2DF55A1DB22D0F005FDB59 /* TabataTimerTests.swift in Sources */,
			);
			runOnlyForDeploymentPostprocessing = 0;
		};
		CC2DF55C1DB22D10005FDB59 /* Sources */ = {
			isa = PBXSourcesBuildPhase;
			buildActionMask = 2147483647;
			files = (
				CC2DF5651DB22D10005FDB59 /* TabataTimerUITests.swift in Sources */,
			);
			runOnlyForDeploymentPostprocessing = 0;
		};
/* End PBXSourcesBuildPhase section */

/* Begin PBXTargetDependency section */
		CC2DF5571DB22D0F005FDB59 /* PBXTargetDependency */ = {
			isa = PBXTargetDependency;
			target = CC2DF53D1DB22D0F005FDB59 /* TabataTimer */;
			targetProxy = CC2DF5561DB22D0F005FDB59 /* PBXContainerItemProxy */;
		};
		CC2DF5621DB22D10005FDB59 /* PBXTargetDependency */ = {
			isa = PBXTargetDependency;
			target = CC2DF53D1DB22D0F005FDB59 /* TabataTimer */;
			targetProxy = CC2DF5611DB22D10005FDB59 /* PBXContainerItemProxy */;
		};
/* End PBXTargetDependency section */

/* Begin PBXVariantGroup section */
		CC2DF5451DB22D0F005FDB59 /* Main.storyboard */ = {
			isa = PBXVariantGroup;
			children = (
				CC2DF5461DB22D0F005FDB59 /* Base */,
			);
			name = Main.storyboard;
			sourceTree = "<group>";
		};
		CC2DF54D1DB22D0F005FDB59 /* LaunchScreen.storyboard */ = {
			isa = PBXVariantGroup;
			children = (
				CC2DF54E1DB22D0F005FDB59 /* Base */,
			);
			name = LaunchScreen.storyboard;
			sourceTree = "<group>";
		};
/* End PBXVariantGroup section */

/* Begin XCBuildConfiguration section */
		CC2DF5671DB22D10005FDB59 /* Debug */ = {
			isa = XCBuildConfiguration;
			buildSettings = {
				ALWAYS_SEARCH_USER_PATHS = NO;
				CLANG_ANALYZER_NONNULL = YES;
				CLANG_CXX_LANGUAGE_STANDARD = "gnu++0x";
				CLANG_CXX_LIBRARY = "libc++";
				CLANG_ENABLE_MODULES = YES;
				CLANG_ENABLE_OBJC_ARC = YES;
				CLANG_WARN_BOOL_CONVERSION = YES;
				CLANG_WARN_CONSTANT_CONVERSION = YES;
				CLANG_WARN_DIRECT_OBJC_ISA_USAGE = YES_ERROR;
				CLANG_WARN_DOCUMENTATION_COMMENTS = YES;
				CLANG_WARN_EMPTY_BODY = YES;
				CLANG_WARN_ENUM_CONVERSION = YES;
				CLANG_WARN_INFINITE_RECURSION = YES;
				CLANG_WARN_INT_CONVERSION = YES;
				CLANG_WARN_OBJC_ROOT_CLASS = YES_ERROR;
				CLANG_WARN_SUSPICIOUS_MOVES = YES;
				CLANG_WARN_UNREACHABLE_CODE = YES;
				CLANG_WARN__DUPLICATE_METHOD_MATCH = YES;
				"CODE_SIGN_IDENTITY[sdk=iphoneos*]" = "iPhone Developer";
				COPY_PHASE_STRIP = NO;
				DEBUG_INFORMATION_FORMAT = dwarf;
				ENABLE_STRICT_OBJC_MSGSEND = YES;
				ENABLE_TESTABILITY = YES;
				GCC_C_LANGUAGE_STANDARD = gnu99;
				GCC_DYNAMIC_NO_PIC = NO;
				GCC_NO_COMMON_BLOCKS = YES;
				GCC_OPTIMIZATION_LEVEL = 0;
				GCC_PREPROCESSOR_DEFINITIONS = (
					"DEBUG=1",
					"$(inherited)",
				);
				GCC_WARN_64_TO_32_BIT_CONVERSION = YES;
				GCC_WARN_ABOUT_RETURN_TYPE = YES_ERROR;
				GCC_WARN_UNDECLARED_SELECTOR = YES;
				GCC_WARN_UNINITIALIZED_AUTOS = YES_AGGRESSIVE;
				GCC_WARN_UNUSED_FUNCTION = YES;
				GCC_WARN_UNUSED_VARIABLE = YES;
				IPHONEOS_DEPLOYMENT_TARGET = 10.0;
				MTL_ENABLE_DEBUG_INFO = YES;
				ONLY_ACTIVE_ARCH = YES;
				SDKROOT = iphoneos;
				SWIFT_ACTIVE_COMPILATION_CONDITIONS = DEBUG;
				SWIFT_OPTIMIZATION_LEVEL = "-Onone";
				TARGETED_DEVICE_FAMILY = "1,2";
			};
			name = Debug;
		};
		CC2DF5681DB22D10005FDB59 /* Release */ = {
			isa = XCBuildConfiguration;
			buildSettings = {
				ALWAYS_SEARCH_USER_PATHS = NO;
				CLANG_ANALYZER_NONNULL = YES;
				CLANG_CXX_LANGUAGE_STANDARD = "gnu++0x";
				CLANG_CXX_LIBRARY = "libc++";
				CLANG_ENABLE_MODULES = YES;
				CLANG_ENABLE_OBJC_ARC = YES;
				CLANG_WARN_BOOL_CONVERSION = YES;
				CLANG_WARN_CONSTANT_CONVERSION = YES;
				CLANG_WARN_DIRECT_OBJC_ISA_USAGE = YES_ERROR;
				CLANG_WARN_DOCUMENTATION_COMMENTS = YES;
				CLANG_WARN_EMPTY_BODY = YES;
				CLANG_WARN_ENUM_CONVERSION = YES;
				CLANG_WARN_INFINITE_RECURSION = YES;
				CLANG_WARN_INT_CONVERSION = YES;
				CLANG_WARN_OBJC_ROOT_CLASS = YES_ERROR;
				CLANG_WARN_SUSPICIOUS_MOVES = YES;
				CLANG_WARN_UNREACHABLE_CODE = YES;
				CLANG_WARN__DUPLICATE_METHOD_MATCH = YES;
				"CODE_SIGN_IDENTITY[sdk=iphoneos*]" = "iPhone Developer";
				COPY_PHASE_STRIP = NO;
				DEBUG_INFORMATION_FORMAT = "dwarf-with-dsym";
				ENABLE_NS_ASSERTIONS = NO;
				ENABLE_STRICT_OBJC_MSGSEND = YES;
				GCC_C_LANGUAGE_STANDARD = gnu99;
				GCC_NO_COMMON_BLOCKS = YES;
				GCC_WARN_64_TO_32_BIT_CONVERSION = YES;
				GCC_WARN_ABOUT_RETURN_TYPE = YES_ERROR;
				GCC_WARN_UNDECLARED_SELECTOR = YES;
				GCC_WARN_UNINITIALIZED_AUTOS = YES_AGGRESSIVE;
				GCC_WARN_UNUSED_FUNCTION = YES;
				GCC_WARN_UNUSED_VARIABLE = YES;
				IPHONEOS_DEPLOYMENT_TARGET = 10.0;
				MTL_ENABLE_DEBUG_INFO = NO;
				SDKROOT = iphoneos;
				SWIFT_OPTIMIZATION_LEVEL = "-Owholemodule";
				TARGETED_DEVICE_FAMILY = "1,2";
				VALIDATE_PRODUCT = YES;
			};
			name = Release;
		};
		CC2DF56A1DB22D10005FDB59 /* Debug */ = {
			isa = XCBuildConfiguration;
			buildSettings = {
				ASSETCATALOG_COMPILER_APPICON_NAME = AppIcon;
				DEVELOPMENT_TEAM = DJMA973CXQ;
				INFOPLIST_FILE = TabataTimer/Info.plist;
				LD_RUNPATH_SEARCH_PATHS = "$(inherited) @executable_path/Frameworks";
				PRODUCT_BUNDLE_IDENTIFIER = taka.inc.TabataTimer;
				PRODUCT_NAME = "$(TARGET_NAME)";
				SWIFT_VERSION = 3.0;
			};
			name = Debug;
		};
		CC2DF56B1DB22D10005FDB59 /* Release */ = {
			isa = XCBuildConfiguration;
			buildSettings = {
				ASSETCATALOG_COMPILER_APPICON_NAME = AppIcon;
				DEVELOPMENT_TEAM = DJMA973CXQ;
				INFOPLIST_FILE = TabataTimer/Info.plist;
				LD_RUNPATH_SEARCH_PATHS = "$(inherited) @executable_path/Frameworks";
				PRODUCT_BUNDLE_IDENTIFIER = taka.inc.TabataTimer;
				PRODUCT_NAME = "$(TARGET_NAME)";
				SWIFT_VERSION = 3.0;
			};
			name = Release;
		};
		CC2DF56D1DB22D10005FDB59 /* Debug */ = {
			isa = XCBuildConfiguration;
			buildSettings = {
				ALWAYS_EMBED_SWIFT_STANDARD_LIBRARIES = YES;
				BUNDLE_LOADER = "$(TEST_HOST)";
				DEVELOPMENT_TEAM = DJMA973CXQ;
				INFOPLIST_FILE = TabataTimerTests/Info.plist;
				LD_RUNPATH_SEARCH_PATHS = "$(inherited) @executable_path/Frameworks @loader_path/Frameworks";
				PRODUCT_BUNDLE_IDENTIFIER = taka.inc.TabataTimerTests;
				PRODUCT_NAME = "$(TARGET_NAME)";
				SWIFT_VERSION = 3.0;
				TEST_HOST = "$(BUILT_PRODUCTS_DIR)/TabataTimer.app/TabataTimer";
			};
			name = Debug;
		};
		CC2DF56E1DB22D10005FDB59 /* Release */ = {
			isa = XCBuildConfiguration;
			buildSettings = {
				ALWAYS_EMBED_SWIFT_STANDARD_LIBRARIES = YES;
				BUNDLE_LOADER = "$(TEST_HOST)";
				DEVELOPMENT_TEAM = DJMA973CXQ;
				INFOPLIST_FILE = TabataTimerTests/Info.plist;
				LD_RUNPATH_SEARCH_PATHS = "$(inherited) @executable_path/Frameworks @loader_path/Frameworks";
				PRODUCT_BUNDLE_IDENTIFIER = taka.inc.TabataTimerTests;
				PRODUCT_NAME = "$(TARGET_NAME)";
				SWIFT_VERSION = 3.0;
				TEST_HOST = "$(BUILT_PRODUCTS_DIR)/TabataTimer.app/TabataTimer";
			};
			name = Release;
		};
		CC2DF5701DB22D10005FDB59 /* Debug */ = {
			isa = XCBuildConfiguration;
			buildSettings = {
				ALWAYS_EMBED_SWIFT_STANDARD_LIBRARIES = YES;
				DEVELOPMENT_TEAM = DJMA973CXQ;
				INFOPLIST_FILE = TabataTimerUITests/Info.plist;
				LD_RUNPATH_SEARCH_PATHS = "$(inherited) @executable_path/Frameworks @loader_path/Frameworks";
				PRODUCT_BUNDLE_IDENTIFIER = taka.inc.TabataTimerUITests;
				PRODUCT_NAME = "$(TARGET_NAME)";
				SWIFT_VERSION = 3.0;
				TEST_TARGET_NAME = TabataTimer;
			};
			name = Debug;
		};
		CC2DF5711DB22D10005FDB59 /* Release */ = {
			isa = XCBuildConfiguration;
			buildSettings = {
				ALWAYS_EMBED_SWIFT_STANDARD_LIBRARIES = YES;
				DEVELOPMENT_TEAM = DJMA973CXQ;
				INFOPLIST_FILE = TabataTimerUITests/Info.plist;
				LD_RUNPATH_SEARCH_PATHS = "$(inherited) @executable_path/Frameworks @loader_path/Frameworks";
				PRODUCT_BUNDLE_IDENTIFIER = taka.inc.TabataTimerUITests;
				PRODUCT_NAME = "$(TARGET_NAME)";
				SWIFT_VERSION = 3.0;
				TEST_TARGET_NAME = TabataTimer;
			};
			name = Release;
		};
/* End XCBuildConfiguration section */

/* Begin XCConfigurationList section */
		CC2DF5391DB22D0F005FDB59 /* Build configuration list for PBXProject "TabataTimer" */ = {
			isa = XCConfigurationList;
			buildConfigurations = (
				CC2DF5671DB22D10005FDB59 /* Debug */,
				CC2DF5681DB22D10005FDB59 /* Release */,
			);
			defaultConfigurationIsVisible = 0;
			defaultConfigurationName = Release;
		};
		CC2DF5691DB22D10005FDB59 /* Build configuration list for PBXNativeTarget "TabataTimer" */ = {
			isa = XCConfigurationList;
			buildConfigurations = (
				CC2DF56A1DB22D10005FDB59 /* Debug */,
				CC2DF56B1DB22D10005FDB59 /* Release */,
			);
			defaultConfigurationIsVisible = 0;
		};
		CC2DF56C1DB22D10005FDB59 /* Build configuration list for PBXNativeTarget "TabataTimerTests" */ = {
			isa = XCConfigurationList;
			buildConfigurations = (
				CC2DF56D1DB22D10005FDB59 /* Debug */,
				CC2DF56E1DB22D10005FDB59 /* Release */,
			);
			defaultConfigurationIsVisible = 0;
		};
		CC2DF56F1DB22D10005FDB59 /* Build configuration list for PBXNativeTarget "TabataTimerUITests" */ = {
			isa = XCConfigurationList;
			buildConfigurations = (
				CC2DF5701DB22D10005FDB59 /* Debug */,
				CC2DF5711DB22D10005FDB59 /* Release */,
			);
			defaultConfigurationIsVisible = 0;
		};
/* End XCConfigurationList section */

/* Begin XCVersionGroup section */
		CC2DF5481DB22D0F005FDB59 /* TabataTimer.xcdatamodeld */ = {
			isa = XCVersionGroup;
			children = (
				CC2DF5491DB22D0F005FDB59 /* TabataTimer.xcdatamodel */,
			);
			currentVersion = CC2DF5491DB22D0F005FDB59 /* TabataTimer.xcdatamodel */;
			path = TabataTimer.xcdatamodeld;
			sourceTree = "<group>";
			versionGroupType = wrapper.xcdatamodel;
		};
/* End XCVersionGroup section */
	};
	rootObject = CC2DF5361DB22D0F005FDB59 /* Project object */;
}
